
Microsoft Visual Studio Solution File, Format Version 12.00
# Visual Studio Version 17
VisualStudioVersion = 17.14.36310.24
MinimumVisualStudioVersion = 10.0.40219.1
Project("{FAE04EC0-301F-11D3-BF4B-00C04F79EFBC}") = "Programa1", "Programa1\Programa1.csproj", "{A5F95294-4BDC-4E30-935F-F1C6C6DC7EC1}"
EndProject
Project("{FAE04EC0-301F-11D3-BF4B-00C04F79EFBC}") = "Programa2", "Programa2\Programa2.csproj", "{39462D6A-945A-4875-93D7-B4C98D8896C5}"
EndProject
Project("{FAE04EC0-301F-11D3-BF4B-00C04F79EFBC}") = "Programa3", "Programa3\Programa3.csproj", "{DE5038DF-0C3B-407F-B971-6A0AABF36751}"
EndProject
Global
	GlobalSection(SolutionConfigurationPlatforms) = preSolution
		Debug|Any CPU = Debug|Any CPU
		Release|Any CPU = Release|Any CPU
	EndGlobalSection
	GlobalSection(ProjectConfigurationPlatforms) = postSolution
		{A5F95294-4BDC-4E30-935F-F1C6C6DC7EC1}.Debug|Any CPU.ActiveCfg = Debug|Any CPU
		{A5F95294-4BDC-4E30-935F-F1C6C6DC7EC1}.Debug|Any CPU.Build.0 = Debug|Any CPU
		{A5F95294-4BDC-4E30-935F-F1C6C6DC7EC1}.Release|Any CPU.ActiveCfg = Release|Any CPU
		{A5F95294-4BDC-4E30-935F-F1C6C6DC7EC1}.Release|Any CPU.Build.0 = Release|Any CPU
		{39462D6A-945A-4875-93D7-B4C98D8896C5}.Debug|Any CPU.ActiveCfg = Debug|Any CPU
		{39462D6A-945A-4875-93D7-B4C98D8896C5}.Debug|Any CPU.Build.0 = Debug|Any CPU
		{39462D6A-945A-4875-93D7-B4C98D8896C5}.Release|Any CPU.ActiveCfg = Release|Any CPU
		{39462D6A-945A-4875-93D7-B4C98D8896C5}.Release|Any CPU.Build.0 = Release|Any CPU
		{DE5038DF-0C3B-407F-B971-6A0AABF36751}.Debug|Any CPU.ActiveCfg = Debug|Any CPU
		{DE5038DF-0C3B-407F-B971-6A0AABF36751}.Debug|Any CPU.Build.0 = Debug|Any CPU
		{DE5038DF-0C3B-407F-B971-6A0AABF36751}.Release|Any CPU.ActiveCfg = Release|Any CPU
		{DE5038DF-0C3B-407F-B971-6A0AABF36751}.Release|Any CPU.Build.0 = Release|Any CPU
	EndGlobalSection
	GlobalSection(SolutionProperties) = preSolution
		HideSolutionNode = FALSE
	EndGlobalSection
	GlobalSection(ExtensibilityGlobals) = postSolution
		SolutionGuid = {C6303230-6B08-4B79-A566-F79DA5BCB1FD}
	EndGlobalSection
EndGlobal
